<?xml version="1.0" encoding="utf-8"?>
<Project ToolsVersion="4.0" xmlns="http://schemas.microsoft.com/developer/msbuild/2003">
  <ItemGroup>
    <Filter Include="Source Files">
      <UniqueIdentifier>{4FC737F1-C7A5-4376-A066-2A32D752A2FF}</UniqueIdentifier>
      <Extensions>cpp;c;cc;cxx;def;odl;idl;hpj;bat;asm;asmx</Extensions>
    </Filter>
    <Filter Include="Header Files">
      <UniqueIdentifier>{93995380-89BD-4b04-88EB-625FBE52EBFB}</UniqueIdentifier>
      <Extensions>h;hh;hpp;hxx;hm;inl;inc;ipp;xsd</Extensions>
    </Filter>
    <Filter Include="Resource Files">
      <UniqueIdentifier>{67DA6AB6-F800-4c08-8B7A-83BB121AAD01}</UniqueIdentifier>
      <Extensions>rc;ico;cur;bmp;dlg;rc2;rct;bin;rgs;gif;jpg;jpeg;jpe;resx;tiff;tif;png;wav;mfcribbon-ms</Extensions>
    </Filter>
  </ItemGroup>
  <ItemGroup>
    <ClInclude Include="core\ui\component\Component.h">
      <Filter>Header Files</Filter>
    </ClInclude>
    <ClInclude Include="core\ui\Window.h">
      <Filter>Header Files</Filter>
    </ClInclude>
    <ClInclude Include="PaintTool.h">
      <Filter>Header Files</Filter>
    </ClInclude>
    <ClInclude Include="core\ui\component\StaticLabel.h">
      <Filter>Header Files</Filter>
    </ClInclude>
    <ClInclude Include="dependencies\easy-graphics\EasyGraphics.h">
      <Filter>Header Files</Filter>
    </ClInclude>
    <ClInclude Include="core\ui\component\StaticBox.h">
      <Filter>Header Files</Filter>
    </ClInclude>
    <ClInclude Include="core\ui\component\InteractiveComponent.h">
      <Filter>Header Files</Filter>
    </ClInclude>
    <ClInclude Include="core\Singleton.h">
      <Filter>Header Files</Filter>
    </ClInclude>
    <ClInclude Include="core\ui\FontManager.h">
      <Filter>Header Files</Filter>
    </ClInclude>
    <ClInclude Include="core\ui\component\ComponentGroup.h">
      <Filter>Header Files</Filter>
    </ClInclude>
    <ClInclude Include="core\ui\StyleManager.h">
      <Filter>Header Files</Filter>
    </ClInclude>
    <ClInclude Include="core\ui\component\RootComponent.h">
      <Filter>Header Files</Filter>
    </ClInclude>
    <ClInclude Include="core\ui\component\Button.h">
      <Filter>Header Files</Filter>
    </ClInclude>
  </ItemGroup>
  <ItemGroup>
    <ClCompile Include="core\ui\component\Component.cpp">
      <Filter>Source Files</Filter>
    </ClCompile>
    <ClCompile Include="Source.cpp">
      <Filter>Source Files</Filter>
    </ClCompile>
    <ClCompile Include="core\ui\Window.cpp">
      <Filter>Source Files</Filter>
    </ClCompile>
    <ClCompile Include="PaintTool.cpp">
      <Filter>Source Files</Filter>
    </ClCompile>
    <ClCompile Include="core\ui\component\StaticLabel.cpp">
      <Filter>Source Files</Filter>
    </ClCompile>
    <ClCompile Include="dependencies\easy-graphics\EasyGraphics.cpp">
      <Filter>Source Files</Filter>
    </ClCompile>
    <ClCompile Include="core\ui\component\StaticBox.cpp">
      <Filter>Source Files</Filter>
    </ClCompile>
    <ClCompile Include="core\ui\component\InteractiveComponent.cpp">
      <Filter>Source Files</Filter>
    </ClCompile>
    <ClCompile Include="core\ui\FontManager.cpp">
      <Filter>Source Files</Filter>
    </ClCompile>
    <ClCompile Include="core\ui\component\ComponentGroup.cpp">
      <Filter>Source Files</Filter>
    </ClCompile>
    <ClCompile Include="core\ui\StyleManager.cpp">
      <Filter>Source Files</Filter>
    </ClCompile>
    <ClCompile Include="core\ui\component\RootComponent.cpp">
      <Filter>Source Files</Filter>
    </ClCompile>
    <ClCompile Include="core\ui\component\Button.cpp">
      <Filter>Source Files</Filter>
    </ClCompile>
  </ItemGroup>
</Project>